github.com/djimenez/iconv-go v0.0.0-20160305225143-8960e66bd3da h1:0qwwqQCLOOXPl58ljnq3sTJR7yRuMolM02vjxDh4ZVE=
github.com/djimenez/iconv-go v0.0.0-20160305225143-8960e66bd3da/go.mod h1:ns+zIWBBchgfRdxNgIJWn2x6U95LQchxeqiN5Cgdgts=
github.com/mikkyang/id3-go v0.0.0-20191012064224-2c6ab3bb1fbd h1:Cqivkwpk34qJJsi0xbZp2TOhpMsG381iaum8mb+6T/s=
github.com/mikkyang/id3-go v0.0.0-20191012064224-2c6ab3bb1fbd/go.mod h1:6ReX25kzt2D67Dt9vH3kTm8R4luFEfW9W3RDuytp0IA=
